// !$*UTF8*$!
{
	archiveVersion = 1;
	classes = {
	};
	objectVersion = 56;
	objects = {

/* Begin PBXBuildFile section */
		A06A4F2829F657C40000A961 /* CustomPIckerHelper.swift in Sources */ = {isa = PBXBuildFile; fileRef = A06A4F2729F657C40000A961 /* CustomPIckerHelper.swift */; };
		A06A4F2A29F7A5A40000A961 /* GPAlbum.swift in Sources */ = {isa = PBXBuildFile; fileRef = A06A4F2929F7A5A40000A961 /* GPAlbum.swift */; };
		A06A4F2C29FA76580000A961 /* IOSGalleryPickerVM.swift in Sources */ = {isa = PBXBuildFile; fileRef = A06A4F2B29FA76580000A961 /* IOSGalleryPickerVM.swift */; };
		A06A4F2E29FA7B510000A961 /* AssetImporter.swift in Sources */ = {isa = PBXBuildFile; fileRef = A06A4F2D29FA7B510000A961 /* AssetImporter.swift */; };
		A06A4F3029FA7B620000A961 /* AssetExporter.swift in Sources */ = {isa = PBXBuildFile; fileRef = A06A4F2F29FA7B620000A961 /* AssetExporter.swift */; };
		A06A4F3229FBEF430000A961 /* Configure.swift in Sources */ = {isa = PBXBuildFile; fileRef = A06A4F3129FBEF420000A961 /* Configure.swift */; };
		A06A4F3929FF81110000A961 /* AlbumViewVC.swift in Sources */ = {isa = PBXBuildFile; fileRef = A06A4F3729FF81110000A961 /* AlbumViewVC.swift */; };
		A06A4F3A29FF81110000A961 /* AlbumViewVC.xib in Resources */ = {isa = PBXBuildFile; fileRef = A06A4F3829FF81110000A961 /* AlbumViewVC.xib */; };
		A06A4F3C29FF965E0000A961 /* AlbumViewVM.swift in Sources */ = {isa = PBXBuildFile; fileRef = A06A4F3B29FF965E0000A961 /* AlbumViewVM.swift */; };
		A06A4F3F29FFC47B0000A961 /* AlbumCVCell.swift in Sources */ = {isa = PBXBuildFile; fileRef = A06A4F3D29FFC47B0000A961 /* AlbumCVCell.swift */; };
		A06A4F4029FFC47B0000A961 /* AlbumCVCell.xib in Resources */ = {isa = PBXBuildFile; fileRef = A06A4F3E29FFC47B0000A961 /* AlbumCVCell.xib */; };
		A06A4F422A00DFDE0000A961 /* GalleryManager.swift in Sources */ = {isa = PBXBuildFile; fileRef = A06A4F412A00DFDE0000A961 /* GalleryManager.swift */; };
		A06A4F442A01108A0000A961 /* AlbumPickerDelegate.swift in Sources */ = {isa = PBXBuildFile; fileRef = A06A4F432A01108A0000A961 /* AlbumPickerDelegate.swift */; };
		A06A4F462A0120DD0000A961 /* GallerypickerDelegate.swift in Sources */ = {isa = PBXBuildFile; fileRef = A06A4F452A0120DD0000A961 /* GallerypickerDelegate.swift */; };
		A06A4F482A0124780000A961 /* GPAsset.swift in Sources */ = {isa = PBXBuildFile; fileRef = A06A4F472A0124780000A961 /* GPAsset.swift */; };
		A06A4F4B2A023F030000A961 /* Fetch.swift in Sources */ = {isa = PBXBuildFile; fileRef = A06A4F4A2A023F030000A961 /* Fetch.swift */; };
		A072900529F125A50075A981 /* AppDelegate.swift in Sources */ = {isa = PBXBuildFile; fileRef = A072900429F125A50075A981 /* AppDelegate.swift */; };
		A072900729F125A50075A981 /* SceneDelegate.swift in Sources */ = {isa = PBXBuildFile; fileRef = A072900629F125A50075A981 /* SceneDelegate.swift */; };
		A072900929F125A50075A981 /* ViewController.swift in Sources */ = {isa = PBXBuildFile; fileRef = A072900829F125A50075A981 /* ViewController.swift */; };
		A072900C29F125A50075A981 /* Main.storyboard in Resources */ = {isa = PBXBuildFile; fileRef = A072900A29F125A50075A981 /* Main.storyboard */; };
		A072900E29F125A60075A981 /* Assets.xcassets in Resources */ = {isa = PBXBuildFile; fileRef = A072900D29F125A60075A981 /* Assets.xcassets */; };
		A072901129F125A60075A981 /* LaunchScreen.storyboard in Resources */ = {isa = PBXBuildFile; fileRef = A072900F29F125A60075A981 /* LaunchScreen.storyboard */; };
		A072901C29F125A60075A981 /* CustomGalleryPickerTests.swift in Sources */ = {isa = PBXBuildFile; fileRef = A072901B29F125A60075A981 /* CustomGalleryPickerTests.swift */; };
		A072902629F125A60075A981 /* CustomGalleryPickerUITests.swift in Sources */ = {isa = PBXBuildFile; fileRef = A072902529F125A60075A981 /* CustomGalleryPickerUITests.swift */; };
		A072902829F125A60075A981 /* CustomGalleryPickerUITestsLaunchTests.swift in Sources */ = {isa = PBXBuildFile; fileRef = A072902729F125A60075A981 /* CustomGalleryPickerUITestsLaunchTests.swift */; };
		A072903929F1265A0075A981 /* CacheManager.swift in Sources */ = {isa = PBXBuildFile; fileRef = A072903629F1265A0075A981 /* CacheManager.swift */; };
		A072903A29F1265A0075A981 /* IOSGalleryPickerViewController.swift in Sources */ = {isa = PBXBuildFile; fileRef = A072903729F1265A0075A981 /* IOSGalleryPickerViewController.swift */; };
		A072903B29F1265A0075A981 /* ImagePickerCell.swift in Sources */ = {isa = PBXBuildFile; fileRef = A072903829F1265A0075A981 /* ImagePickerCell.swift */; };
		A072903D29F135A30075A981 /* PhotoDataSource.swift in Sources */ = {isa = PBXBuildFile; fileRef = A072903C29F135A30075A981 /* PhotoDataSource.swift */; };
		A072903F29F14F680075A981 /* IOSGalleryPickerViewController.xib in Resources */ = {isa = PBXBuildFile; fileRef = A072903E29F14F680075A981 /* IOSGalleryPickerViewController.xib */; };
/* End PBXBuildFile section */

/* Begin PBXContainerItemProxy section */
		A072901829F125A60075A981 /* PBXContainerItemProxy */ = {
			isa = PBXContainerItemProxy;
			containerPortal = A0728FF929F125A50075A981 /* Project object */;
			proxyType = 1;
			remoteGlobalIDString = A072900029F125A50075A981;
			remoteInfo = CustomGalleryPicker;
		};
		A072902229F125A60075A981 /* PBXContainerItemProxy */ = {
			isa = PBXContainerItemProxy;
			containerPortal = A0728FF929F125A50075A981 /* Project object */;
			proxyType = 1;
			remoteGlobalIDString = A072900029F125A50075A981;
			remoteInfo = CustomGalleryPicker;
		};
/* End PBXContainerItemProxy section */

/* Begin PBXFileReference section */
		A06A4F2729F657C40000A961 /* CustomPIckerHelper.swift */ = {isa = PBXFileReference; lastKnownFileType = sourcecode.swift; path = CustomPIckerHelper.swift; sourceTree = "<group>"; };
		A06A4F2929F7A5A40000A961 /* GPAlbum.swift */ = {isa = PBXFileReference; lastKnownFileType = sourcecode.swift; path = GPAlbum.swift; sourceTree = "<group>"; };
		A06A4F2B29FA76580000A961 /* IOSGalleryPickerVM.swift */ = {isa = PBXFileReference; lastKnownFileType = sourcecode.swift; path = IOSGalleryPickerVM.swift; sourceTree = "<group>"; };
		A06A4F2D29FA7B510000A961 /* AssetImporter.swift */ = {isa = PBXFileReference; lastKnownFileType = sourcecode.swift; path = AssetImporter.swift; sourceTree = "<group>"; };
		A06A4F2F29FA7B620000A961 /* AssetExporter.swift */ = {isa = PBXFileReference; lastKnownFileType = sourcecode.swift; path = AssetExporter.swift; sourceTree = "<group>"; };
		A06A4F3129FBEF420000A961 /* Configure.swift */ = {isa = PBXFileReference; lastKnownFileType = sourcecode.swift; path = Configure.swift; sourceTree = "<group>"; };
		A06A4F3729FF81110000A961 /* AlbumViewVC.swift */ = {isa = PBXFileReference; lastKnownFileType = sourcecode.swift; path = AlbumViewVC.swift; sourceTree = "<group>"; };
		A06A4F3829FF81110000A961 /* AlbumViewVC.xib */ = {isa = PBXFileReference; lastKnownFileType = file.xib; path = AlbumViewVC.xib; sourceTree = "<group>"; };
		A06A4F3B29FF965E0000A961 /* AlbumViewVM.swift */ = {isa = PBXFileReference; lastKnownFileType = sourcecode.swift; path = AlbumViewVM.swift; sourceTree = "<group>"; };
		A06A4F3D29FFC47B0000A961 /* AlbumCVCell.swift */ = {isa = PBXFileReference; lastKnownFileType = sourcecode.swift; path = AlbumCVCell.swift; sourceTree = "<group>"; };
		A06A4F3E29FFC47B0000A961 /* AlbumCVCell.xib */ = {isa = PBXFileReference; lastKnownFileType = file.xib; path = AlbumCVCell.xib; sourceTree = "<group>"; };
		A06A4F412A00DFDE0000A961 /* GalleryManager.swift */ = {isa = PBXFileReference; lastKnownFileType = sourcecode.swift; path = GalleryManager.swift; sourceTree = "<group>"; };
		A06A4F432A01108A0000A961 /* AlbumPickerDelegate.swift */ = {isa = PBXFileReference; lastKnownFileType = sourcecode.swift; path = AlbumPickerDelegate.swift; sourceTree = "<group>"; };
		A06A4F452A0120DD0000A961 /* GallerypickerDelegate.swift */ = {isa = PBXFileReference; lastKnownFileType = sourcecode.swift; path = GallerypickerDelegate.swift; sourceTree = "<group>"; };
		A06A4F472A0124780000A961 /* GPAsset.swift */ = {isa = PBXFileReference; lastKnownFileType = sourcecode.swift; path = GPAsset.swift; sourceTree = "<group>"; };
		A06A4F4A2A023F030000A961 /* Fetch.swift */ = {isa = PBXFileReference; lastKnownFileType = sourcecode.swift; path = Fetch.swift; sourceTree = "<group>"; };
		A072900129F125A50075A981 /* CustomGalleryPicker.app */ = {isa = PBXFileReference; explicitFileType = wrapper.application; includeInIndex = 0; path = CustomGalleryPicker.app; sourceTree = BUILT_PRODUCTS_DIR; };
		A072900429F125A50075A981 /* AppDelegate.swift */ = {isa = PBXFileReference; lastKnownFileType = sourcecode.swift; path = AppDelegate.swift; sourceTree = "<group>"; };
		A072900629F125A50075A981 /* SceneDelegate.swift */ = {isa = PBXFileReference; lastKnownFileType = sourcecode.swift; path = SceneDelegate.swift; sourceTree = "<group>"; };
		A072900829F125A50075A981 /* ViewController.swift */ = {isa = PBXFileReference; lastKnownFileType = sourcecode.swift; path = ViewController.swift; sourceTree = "<group>"; };
		A072900B29F125A50075A981 /* Base */ = {isa = PBXFileReference; lastKnownFileType = file.storyboard; name = Base; path = Base.lproj/Main.storyboard; sourceTree = "<group>"; };
		A072900D29F125A60075A981 /* Assets.xcassets */ = {isa = PBXFileReference; lastKnownFileType = folder.assetcatalog; path = Assets.xcassets; sourceTree = "<group>"; };
		A072901029F125A60075A981 /* Base */ = {isa = PBXFileReference; lastKnownFileType = file.storyboard; name = Base; path = Base.lproj/LaunchScreen.storyboard; sourceTree = "<group>"; };
		A072901229F125A60075A981 /* Info.plist */ = {isa = PBXFileReference; lastKnownFileType = text.plist.xml; path = Info.plist; sourceTree = "<group>"; };
		A072901729F125A60075A981 /* CustomGalleryPickerTests.xctest */ = {isa = PBXFileReference; explicitFileType = wrapper.cfbundle; includeInIndex = 0; path = CustomGalleryPickerTests.xctest; sourceTree = BUILT_PRODUCTS_DIR; };
		A072901B29F125A60075A981 /* CustomGalleryPickerTests.swift */ = {isa = PBXFileReference; lastKnownFileType = sourcecode.swift; path = CustomGalleryPickerTests.swift; sourceTree = "<group>"; };
		A072902129F125A60075A981 /* CustomGalleryPickerUITests.xctest */ = {isa = PBXFileReference; explicitFileType = wrapper.cfbundle; includeInIndex = 0; path = CustomGalleryPickerUITests.xctest; sourceTree = BUILT_PRODUCTS_DIR; };
		A072902529F125A60075A981 /* CustomGalleryPickerUITests.swift */ = {isa = PBXFileReference; lastKnownFileType = sourcecode.swift; path = CustomGalleryPickerUITests.swift; sourceTree = "<group>"; };
		A072902729F125A60075A981 /* CustomGalleryPickerUITestsLaunchTests.swift */ = {isa = PBXFileReference; lastKnownFileType = sourcecode.swift; path = CustomGalleryPickerUITestsLaunchTests.swift; sourceTree = "<group>"; };
		A072903629F1265A0075A981 /* CacheManager.swift */ = {isa = PBXFileReference; fileEncoding = 4; lastKnownFileType = sourcecode.swift; path = CacheManager.swift; sourceTree = "<group>"; };
		A072903729F1265A0075A981 /* IOSGalleryPickerViewController.swift */ = {isa = PBXFileReference; fileEncoding = 4; lastKnownFileType = sourcecode.swift; path = IOSGalleryPickerViewController.swift; sourceTree = "<group>"; };
		A072903829F1265A0075A981 /* ImagePickerCell.swift */ = {isa = PBXFileReference; fileEncoding = 4; lastKnownFileType = sourcecode.swift; path = ImagePickerCell.swift; sourceTree = "<group>"; };
		A072903C29F135A30075A981 /* PhotoDataSource.swift */ = {isa = PBXFileReference; lastKnownFileType = sourcecode.swift; path = PhotoDataSource.swift; sourceTree = "<group>"; };
		A072903E29F14F680075A981 /* IOSGalleryPickerViewController.xib */ = {isa = PBXFileReference; lastKnownFileType = file.xib; path = IOSGalleryPickerViewController.xib; sourceTree = "<group>"; };
/* End PBXFileReference section */

/* Begin PBXFrameworksBuildPhase section */
		A0728FFE29F125A50075A981 /* Frameworks */ = {
			isa = PBXFrameworksBuildPhase;
			buildActionMask = 2147483647;
			files = (
			);
			runOnlyForDeploymentPostprocessing = 0;
		};
		A072901429F125A60075A981 /* Frameworks */ = {
			isa = PBXFrameworksBuildPhase;
			buildActionMask = 2147483647;
			files = (
			);
			runOnlyForDeploymentPostprocessing = 0;
		};
		A072901E29F125A60075A981 /* Frameworks */ = {
			isa = PBXFrameworksBuildPhase;
			buildActionMask = 2147483647;
			files = (
			);
			runOnlyForDeploymentPostprocessing = 0;
		};
/* End PBXFrameworksBuildPhase section */

/* Begin PBXGroup section */
		A06A4F2629F657A20000A961 /* CustomPicker */ = {
			isa = PBXGroup;
			children = (
				A06A4F2729F657C40000A961 /* CustomPIckerHelper.swift */,
				A06A4F2929F7A5A40000A961 /* GPAlbum.swift */,
				A06A4F472A0124780000A961 /* GPAsset.swift */,
				A06A4F412A00DFDE0000A961 /* GalleryManager.swift */,
			);
			path = CustomPicker;
			sourceTree = "<group>";
		};
		A06A4F3329FF80A30000A961 /* Album View Controller */ = {
			isa = PBXGroup;
			children = (
				A06A4F3729FF81110000A961 /* AlbumViewVC.swift */,
				A06A4F3829FF81110000A961 /* AlbumViewVC.xib */,
				A06A4F3B29FF965E0000A961 /* AlbumViewVM.swift */,
				A06A4F3D29FFC47B0000A961 /* AlbumCVCell.swift */,
				A06A4F3E29FFC47B0000A961 /* AlbumCVCell.xib */,
			);
			path = "Album View Controller";
			sourceTree = "<group>";
		};
		A06A4F492A023EF50000A961 /* FetchClass */ = {
			isa = PBXGroup;
			children = (
				A06A4F4A2A023F030000A961 /* Fetch.swift */,
			);
			path = FetchClass;
			sourceTree = "<group>";
		};
		A06A4F4C2A04D8440000A961 /* GalleryPickerVC */ = {
			isa = PBXGroup;
			children = (
				A072903729F1265A0075A981 /* IOSGalleryPickerViewController.swift */,
				A072903E29F14F680075A981 /* IOSGalleryPickerViewController.xib */,
				A072903829F1265A0075A981 /* ImagePickerCell.swift */,
				A06A4F3129FBEF420000A961 /* Configure.swift */,
			);
			path = GalleryPickerVC;
			sourceTree = "<group>";
		};
		A06A4F4D2A04D87A0000A961 /* Delegatees */ = {
			isa = PBXGroup;
			children = (
				A06A4F432A01108A0000A961 /* AlbumPickerDelegate.swift */,
				A06A4F452A0120DD0000A961 /* GallerypickerDelegate.swift */,
			);
			path = Delegatees;
			sourceTree = "<group>";
		};
		A0728FF829F125A50075A981 = {
			isa = PBXGroup;
			children = (
				A072900329F125A50075A981 /* CustomGalleryPicker */,
				A072901A29F125A60075A981 /* CustomGalleryPickerTests */,
				A072902429F125A60075A981 /* CustomGalleryPickerUITests */,
				A072900229F125A50075A981 /* Products */,
			);
			sourceTree = "<group>";
		};
		A072900229F125A50075A981 /* Products */ = {
			isa = PBXGroup;
			children = (
				A072900129F125A50075A981 /* CustomGalleryPicker.app */,
				A072901729F125A60075A981 /* CustomGalleryPickerTests.xctest */,
				A072902129F125A60075A981 /* CustomGalleryPickerUITests.xctest */,
			);
			name = Products;
			sourceTree = "<group>";
		};
		A072900329F125A50075A981 /* CustomGalleryPicker */ = {
			isa = PBXGroup;
			children = (
				A06A4F4D2A04D87A0000A961 /* Delegatees */,
				A06A4F4C2A04D8440000A961 /* GalleryPickerVC */,
				A06A4F492A023EF50000A961 /* FetchClass */,
				A06A4F3329FF80A30000A961 /* Album View Controller */,
				A06A4F2629F657A20000A961 /* CustomPicker */,
				A072903529F1265A0075A981 /* CustomImagePicker */,
				A072900429F125A50075A981 /* AppDelegate.swift */,
				A072900629F125A50075A981 /* SceneDelegate.swift */,
				A072900829F125A50075A981 /* ViewController.swift */,
				A072900A29F125A50075A981 /* Main.storyboard */,
				A072900D29F125A60075A981 /* Assets.xcassets */,
				A072900F29F125A60075A981 /* LaunchScreen.storyboard */,
				A072901229F125A60075A981 /* Info.plist */,
			);
			path = CustomGalleryPicker;
			sourceTree = "<group>";
		};
		A072901A29F125A60075A981 /* CustomGalleryPickerTests */ = {
			isa = PBXGroup;
			children = (
				A072901B29F125A60075A981 /* CustomGalleryPickerTests.swift */,
			);
			path = CustomGalleryPickerTests;
			sourceTree = "<group>";
		};
		A072902429F125A60075A981 /* CustomGalleryPickerUITests */ = {
			isa = PBXGroup;
			children = (
				A072902529F125A60075A981 /* CustomGalleryPickerUITests.swift */,
				A072902729F125A60075A981 /* CustomGalleryPickerUITestsLaunchTests.swift */,
			);
			path = CustomGalleryPickerUITests;
			sourceTree = "<group>";
		};
		A072903529F1265A0075A981 /* CustomImagePicker */ = {
			isa = PBXGroup;
			children = (
				A072903629F1265A0075A981 /* CacheManager.swift */,
				A06A4F2D29FA7B510000A961 /* AssetImporter.swift */,
				A06A4F2F29FA7B620000A961 /* AssetExporter.swift */,
				A072903C29F135A30075A981 /* PhotoDataSource.swift */,
				A06A4F2B29FA76580000A961 /* IOSGalleryPickerVM.swift */,
			);
			path = CustomImagePicker;
			sourceTree = "<group>";
		};
/* End PBXGroup section */

/* Begin PBXNativeTarget section */
		A072900029F125A50075A981 /* CustomGalleryPicker */ = {
			isa = PBXNativeTarget;
			buildConfigurationList = A072902B29F125A60075A981 /* Build configuration list for PBXNativeTarget "CustomGalleryPicker" */;
			buildPhases = (
				A0728FFD29F125A50075A981 /* Sources */,
				A0728FFE29F125A50075A981 /* Frameworks */,
				A0728FFF29F125A50075A981 /* Resources */,
			);
			buildRules = (
			);
			dependencies = (
			);
			name = CustomGalleryPicker;
			productName = CustomGalleryPicker;
			productReference = A072900129F125A50075A981 /* CustomGalleryPicker.app */;
			productType = "com.apple.product-type.application";
		};
		A072901629F125A60075A981 /* CustomGalleryPickerTests */ = {
			isa = PBXNativeTarget;
			buildConfigurationList = A072902E29F125A60075A981 /* Build configuration list for PBXNativeTarget "CustomGalleryPickerTests" */;
			buildPhases = (
				A072901329F125A60075A981 /* Sources */,
				A072901429F125A60075A981 /* Frameworks */,
				A072901529F125A60075A981 /* Resources */,
			);
			buildRules = (
			);
			dependencies = (
				A072901929F125A60075A981 /* PBXTargetDependency */,
			);
			name = CustomGalleryPickerTests;
			productName = CustomGalleryPickerTests;
			productReference = A072901729F125A60075A981 /* CustomGalleryPickerTests.xctest */;
			productType = "com.apple.product-type.bundle.unit-test";
		};
		A072902029F125A60075A981 /* CustomGalleryPickerUITests */ = {
			isa = PBXNativeTarget;
			buildConfigurationList = A072903129F125A60075A981 /* Build configuration list for PBXNativeTarget "CustomGalleryPickerUITests" */;
			buildPhases = (
				A072901D29F125A60075A981 /* Sources */,
				A072901E29F125A60075A981 /* Frameworks */,
				A072901F29F125A60075A981 /* Resources */,
			);
			buildRules = (
			);
			dependencies = (
				A072902329F125A60075A981 /* PBXTargetDependency */,
			);
			name = CustomGalleryPickerUITests;
			productName = CustomGalleryPickerUITests;
			productReference = A072902129F125A60075A981 /* CustomGalleryPickerUITests.xctest */;
			productType = "com.apple.product-type.bundle.ui-testing";
		};
/* End PBXNativeTarget section */

/* Begin PBXProject section */
		A0728FF929F125A50075A981 /* Project object */ = {
			isa = PBXProject;
			attributes = {
				BuildIndependentTargetsInParallel = 1;
				LastSwiftUpdateCheck = 1420;
				LastUpgradeCheck = 1420;
				TargetAttributes = {
					A072900029F125A50075A981 = {
						CreatedOnToolsVersion = 14.2;
					};
					A072901629F125A60075A981 = {
						CreatedOnToolsVersion = 14.2;
						TestTargetID = A072900029F125A50075A981;
					};
					A072902029F125A60075A981 = {
						CreatedOnToolsVersion = 14.2;
						TestTargetID = A072900029F125A50075A981;
					};
				};
			};
			buildConfigurationList = A0728FFC29F125A50075A981 /* Build configuration list for PBXProject "CustomGalleryPicker" */;
			compatibilityVersion = "Xcode 14.0";
			developmentRegion = en;
			hasScannedForEncodings = 0;
			knownRegions = (
				en,
				Base,
			);
			mainGroup = A0728FF829F125A50075A981;
			productRefGroup = A072900229F125A50075A981 /* Products */;
			projectDirPath = "";
			projectRoot = "";
			targets = (
				A072900029F125A50075A981 /* CustomGalleryPicker */,
				A072901629F125A60075A981 /* CustomGalleryPickerTests */,
				A072902029F125A60075A981 /* CustomGalleryPickerUITests */,
			);
		};
/* End PBXProject section */

/* Begin PBXResourcesBuildPhase section */
		A0728FFF29F125A50075A981 /* Resources */ = {
			isa = PBXResourcesBuildPhase;
			buildActionMask = 2147483647;
			files = (
				A072901129F125A60075A981 /* LaunchScreen.storyboard in Resources */,
				A072900E29F125A60075A981 /* Assets.xcassets in Resources */,
				A06A4F4029FFC47B0000A961 /* AlbumCVCell.xib in Resources */,
				A06A4F3A29FF81110000A961 /* AlbumViewVC.xib in Resources */,
				A072900C29F125A50075A981 /* Main.storyboard in Resources */,
				A072903F29F14F680075A981 /* IOSGalleryPickerViewController.xib in Resources */,
			);
			runOnlyForDeploymentPostprocessing = 0;
		};
		A072901529F125A60075A981 /* Resources */ = {
			isa = PBXResourcesBuildPhase;
			buildActionMask = 2147483647;
			files = (
			);
			runOnlyForDeploymentPostprocessing = 0;
		};
		A072901F29F125A60075A981 /* Resources */ = {
			isa = PBXResourcesBuildPhase;
			buildActionMask = 2147483647;
			files = (
			);
			runOnlyForDeploymentPostprocessing = 0;
		};
/* End PBXResourcesBuildPhase section */

/* Begin PBXSourcesBuildPhase section */
		A0728FFD29F125A50075A981 /* Sources */ = {
			isa = PBXSourcesBuildPhase;
			buildActionMask = 2147483647;
			files = (
				A072903B29F1265A0075A981 /* ImagePickerCell.swift in Sources */,
				A06A4F3C29FF965E0000A961 /* AlbumViewVM.swift in Sources */,
				A072903D29F135A30075A981 /* PhotoDataSource.swift in Sources */,
				A06A4F4B2A023F030000A961 /* Fetch.swift in Sources */,
				A06A4F2E29FA7B510000A961 /* AssetImporter.swift in Sources */,
				A06A4F3029FA7B620000A961 /* AssetExporter.swift in Sources */,
				A06A4F462A0120DD0000A961 /* GallerypickerDelegate.swift in Sources */,
				A072903A29F1265A0075A981 /* IOSGalleryPickerViewController.swift in Sources */,
				A06A4F3929FF81110000A961 /* AlbumViewVC.swift in Sources */,
				A072903929F1265A0075A981 /* CacheManager.swift in Sources */,
				A06A4F2829F657C40000A961 /* CustomPIckerHelper.swift in Sources */,
				A06A4F2C29FA76580000A961 /* IOSGalleryPickerVM.swift in Sources */,
				A06A4F482A0124780000A961 /* GPAsset.swift in Sources */,
				A06A4F3F29FFC47B0000A961 /* AlbumCVCell.swift in Sources */,
				A06A4F422A00DFDE0000A961 /* GalleryManager.swift in Sources */,
				A06A4F2A29F7A5A40000A961 /* GPAlbum.swift in Sources */,
				A072900929F125A50075A981 /* ViewController.swift in Sources */,
				A06A4F442A01108A0000A961 /* AlbumPickerDelegate.swift in Sources */,
				A072900529F125A50075A981 /* AppDelegate.swift in Sources */,
				A06A4F3229FBEF430000A961 /* Configure.swift in Sources */,
				A072900729F125A50075A981 /* SceneDelegate.swift in Sources */,
			);
			runOnlyForDeploymentPostprocessing = 0;
		};
		A072901329F125A60075A981 /* Sources */ = {
			isa = PBXSourcesBuildPhase;
			buildActionMask = 2147483647;
			files = (
				A072901C29F125A60075A981 /* CustomGalleryPickerTests.swift in Sources */,
			);
			runOnlyForDeploymentPostprocessing = 0;
		};
		A072901D29F125A60075A981 /* Sources */ = {
			isa = PBXSourcesBuildPhase;
			buildActionMask = 2147483647;
			files = (
				A072902829F125A60075A981 /* CustomGalleryPickerUITestsLaunchTests.swift in Sources */,
				A072902629F125A60075A981 /* CustomGalleryPickerUITests.swift in Sources */,
			);
			runOnlyForDeploymentPostprocessing = 0;
		};
/* End PBXSourcesBuildPhase section */

/* Begin PBXTargetDependency section */
		A072901929F125A60075A981 /* PBXTargetDependency */ = {
			isa = PBXTargetDependency;
			target = A072900029F125A50075A981 /* CustomGalleryPicker */;
			targetProxy = A072901829F125A60075A981 /* PBXContainerItemProxy */;
		};
		A072902329F125A60075A981 /* PBXTargetDependency */ = {
			isa = PBXTargetDependency;
			target = A072900029F125A50075A981 /* CustomGalleryPicker */;
			targetProxy = A072902229F125A60075A981 /* PBXContainerItemProxy */;
		};
/* End PBXTargetDependency section */

/* Begin PBXVariantGroup section */
		A072900A29F125A50075A981 /* Main.storyboard */ = {
			isa = PBXVariantGroup;
			children = (
				A072900B29F125A50075A981 /* Base */,
			);
			name = Main.storyboard;
			sourceTree = "<group>";
		};
		A072900F29F125A60075A981 /* LaunchScreen.storyboard */ = {
			isa = PBXVariantGroup;
			children = (
				A072901029F125A60075A981 /* Base */,
			);
			name = LaunchScreen.storyboard;
			sourceTree = "<group>";
		};
/* End PBXVariantGroup section */

/* Begin XCBuildConfiguration section */
		A072902929F125A60075A981 /* Debug */ = {
			isa = XCBuildConfiguration;
			buildSettings = {
				ALWAYS_SEARCH_USER_PATHS = NO;
				CLANG_ANALYZER_NONNULL = YES;
				CLANG_ANALYZER_NUMBER_OBJECT_CONVERSION = YES_AGGRESSIVE;
				CLANG_CXX_LANGUAGE_STANDARD = "gnu++20";
				CLANG_ENABLE_MODULES = YES;
				CLANG_ENABLE_OBJC_ARC = YES;
				CLANG_ENABLE_OBJC_WEAK = YES;
				CLANG_WARN_BLOCK_CAPTURE_AUTORELEASING = YES;
				CLANG_WARN_BOOL_CONVERSION = YES;
				CLANG_WARN_COMMA = YES;
				CLANG_WARN_CONSTANT_CONVERSION = YES;
				CLANG_WARN_DEPRECATED_OBJC_IMPLEMENTATIONS = YES;
				CLANG_WARN_DIRECT_OBJC_ISA_USAGE = YES_ERROR;
				CLANG_WARN_DOCUMENTATION_COMMENTS = YES;
				CLANG_WARN_EMPTY_BODY = YES;
				CLANG_WARN_ENUM_CONVERSION = YES;
				CLANG_WARN_INFINITE_RECURSION = YES;
				CLANG_WARN_INT_CONVERSION = YES;
				CLANG_WARN_NON_LITERAL_NULL_CONVERSION = YES;
				CLANG_WARN_OBJC_IMPLICIT_RETAIN_SELF = YES;
				CLANG_WARN_OBJC_LITERAL_CONVERSION = YES;
				CLANG_WARN_OBJC_ROOT_CLASS = YES_ERROR;
				CLANG_WARN_QUOTED_INCLUDE_IN_FRAMEWORK_HEADER = YES;
				CLANG_WARN_RANGE_LOOP_ANALYSIS = YES;
				CLANG_WARN_STRICT_PROTOTYPES = YES;
				CLANG_WARN_SUSPICIOUS_MOVE = YES;
				CLANG_WARN_UNGUARDED_AVAILABILITY = YES_AGGRESSIVE;
				CLANG_WARN_UNREACHABLE_CODE = YES;
				CLANG_WARN__DUPLICATE_METHOD_MATCH = YES;
				COPY_PHASE_STRIP = NO;
				DEBUG_INFORMATION_FORMAT = dwarf;
				ENABLE_STRICT_OBJC_MSGSEND = YES;
				ENABLE_TESTABILITY = YES;
				GCC_C_LANGUAGE_STANDARD = gnu11;
				GCC_DYNAMIC_NO_PIC = NO;
				GCC_NO_COMMON_BLOCKS = YES;
				GCC_OPTIMIZATION_LEVEL = 0;
				GCC_PREPROCESSOR_DEFINITIONS = (
					"DEBUG=1",
					"$(inherited)",
				);
				GCC_WARN_64_TO_32_BIT_CONVERSION = YES;
				GCC_WARN_ABOUT_RETURN_TYPE = YES_ERROR;
				GCC_WARN_UNDECLARED_SELECTOR = YES;
				GCC_WARN_UNINITIALIZED_AUTOS = YES_AGGRESSIVE;
				GCC_WARN_UNUSED_FUNCTION = YES;
				GCC_WARN_UNUSED_VARIABLE = YES;
				IPHONEOS_DEPLOYMENT_TARGET = 14.0;
				MTL_ENABLE_DEBUG_INFO = INCLUDE_SOURCE;
				MTL_FAST_MATH = YES;
				ONLY_ACTIVE_ARCH = YES;
				SDKROOT = iphoneos;
				SWIFT_ACTIVE_COMPILATION_CONDITIONS = DEBUG;
				SWIFT_OPTIMIZATION_LEVEL = "-Onone";
			};
			name = Debug;
		};
		A072902A29F125A60075A981 /* Release */ = {
			isa = XCBuildConfiguration;
			buildSettings = {
				ALWAYS_SEARCH_USER_PATHS = NO;
				CLANG_ANALYZER_NONNULL = YES;
				CLANG_ANALYZER_NUMBER_OBJECT_CONVERSION = YES_AGGRESSIVE;
				CLANG_CXX_LANGUAGE_STANDARD = "gnu++20";
				CLANG_ENABLE_MODULES = YES;
				CLANG_ENABLE_OBJC_ARC = YES;
				CLANG_ENABLE_OBJC_WEAK = YES;
				CLANG_WARN_BLOCK_CAPTURE_AUTORELEASING = YES;
				CLANG_WARN_BOOL_CONVERSION = YES;
				CLANG_WARN_COMMA = YES;
				CLANG_WARN_CONSTANT_CONVERSION = YES;
				CLANG_WARN_DEPRECATED_OBJC_IMPLEMENTATIONS = YES;
				CLANG_WARN_DIRECT_OBJC_ISA_USAGE = YES_ERROR;
				CLANG_WARN_DOCUMENTATION_COMMENTS = YES;
				CLANG_WARN_EMPTY_BODY = YES;
				CLANG_WARN_ENUM_CONVERSION = YES;
				CLANG_WARN_INFINITE_RECURSION = YES;
				CLANG_WARN_INT_CONVERSION = YES;
				CLANG_WARN_NON_LITERAL_NULL_CONVERSION = YES;
				CLANG_WARN_OBJC_IMPLICIT_RETAIN_SELF = YES;
				CLANG_WARN_OBJC_LITERAL_CONVERSION = YES;
				CLANG_WARN_OBJC_ROOT_CLASS = YES_ERROR;
				CLANG_WARN_QUOTED_INCLUDE_IN_FRAMEWORK_HEADER = YES;
				CLANG_WARN_RANGE_LOOP_ANALYSIS = YES;
				CLANG_WARN_STRICT_PROTOTYPES = YES;
				CLANG_WARN_SUSPICIOUS_MOVE = YES;
				CLANG_WARN_UNGUARDED_AVAILABILITY = YES_AGGRESSIVE;
				CLANG_WARN_UNREACHABLE_CODE = YES;
				CLANG_WARN__DUPLICATE_METHOD_MATCH = YES;
				COPY_PHASE_STRIP = NO;
				DEBUG_INFORMATION_FORMAT = "dwarf-with-dsym";
				ENABLE_NS_ASSERTIONS = NO;
				ENABLE_STRICT_OBJC_MSGSEND = YES;
				GCC_C_LANGUAGE_STANDARD = gnu11;
				GCC_NO_COMMON_BLOCKS = YES;
				GCC_WARN_64_TO_32_BIT_CONVERSION = YES;
				GCC_WARN_ABOUT_RETURN_TYPE = YES_ERROR;
				GCC_WARN_UNDECLARED_SELECTOR = YES;
				GCC_WARN_UNINITIALIZED_AUTOS = YES_AGGRESSIVE;
				GCC_WARN_UNUSED_FUNCTION = YES;
				GCC_WARN_UNUSED_VARIABLE = YES;
				IPHONEOS_DEPLOYMENT_TARGET = 14.0;
				MTL_ENABLE_DEBUG_INFO = NO;
				MTL_FAST_MATH = YES;
				SDKROOT = iphoneos;
				SWIFT_COMPILATION_MODE = wholemodule;
				SWIFT_OPTIMIZATION_LEVEL = "-O";
				VALIDATE_PRODUCT = YES;
			};
			name = Release;
		};
		A072902C29F125A60075A981 /* Debug */ = {
			isa = XCBuildConfiguration;
			buildSettings = {
				ASSETCATALOG_COMPILER_APPICON_NAME = AppIcon;
				ASSETCATALOG_COMPILER_GLOBAL_ACCENT_COLOR_NAME = AccentColor;
				CODE_SIGN_STYLE = Automatic;
				CURRENT_PROJECT_VERSION = 1;
				DEVELOPMENT_TEAM = 6RRUPQTV3Q;
				GENERATE_INFOPLIST_FILE = YES;
				INFOPLIST_FILE = CustomGalleryPicker/Info.plist;
				INFOPLIST_KEY_NSPhotoLibraryAddUsageDescription = "";
				INFOPLIST_KEY_NSPhotoLibraryUsageDescription = "";
				INFOPLIST_KEY_UIApplicationSupportsIndirectInputEvents = YES;
				INFOPLIST_KEY_UILaunchStoryboardName = LaunchScreen;
				INFOPLIST_KEY_UIMainStoryboardFile = Main;
				INFOPLIST_KEY_UISupportedInterfaceOrientations_iPad = "UIInterfaceOrientationPortrait UIInterfaceOrientationPortraitUpsideDown UIInterfaceOrientationLandscapeLeft UIInterfaceOrientationLandscapeRight";
				INFOPLIST_KEY_UISupportedInterfaceOrientations_iPhone = "UIInterfaceOrientationPortrait UIInterfaceOrientationLandscapeLeft UIInterfaceOrientationLandscapeRight";
				IPHONEOS_DEPLOYMENT_TARGET = 15.3;
				LD_RUNPATH_SEARCH_PATHS = (
					"$(inherited)",
					"@executable_path/Frameworks",
				);
				MARKETING_VERSION = 1.0;
				PRODUCT_BUNDLE_IDENTIFIER = customGallery.CustomGalleryPicker;
				PRODUCT_NAME = "$(TARGET_NAME)";
				SWIFT_EMIT_LOC_STRINGS = YES;
				SWIFT_VERSION = 5.0;
				TARGETED_DEVICE_FAMILY = "1,2";
			};
			name = Debug;
		};
		A072902D29F125A60075A981 /* Release */ = {
			isa = XCBuildConfiguration;
			buildSettings = {
				ASSETCATALOG_COMPILER_APPICON_NAME = AppIcon;
				ASSETCATALOG_COMPILER_GLOBAL_ACCENT_COLOR_NAME = AccentColor;
				CODE_SIGN_STYLE = Automatic;
				CURRENT_PROJECT_VERSION = 1;
				DEVELOPMENT_TEAM = 6RRUPQTV3Q;
				GENERATE_INFOPLIST_FILE = YES;
				INFOPLIST_FILE = CustomGalleryPicker/Info.plist;
				INFOPLIST_KEY_NSPhotoLibraryAddUsageDescription = "";
				INFOPLIST_KEY_NSPhotoLibraryUsageDescription = "";
				INFOPLIST_KEY_UIApplicationSupportsIndirectInputEvents = YES;
				INFOPLIST_KEY_UILaunchStoryboardName = LaunchScreen;
				INFOPLIST_KEY_UIMainStoryboardFile = Main;
				INFOPLIST_KEY_UISupportedInterfaceOrientations_iPad = "UIInterfaceOrientationPortrait UIInterfaceOrientationPortraitUpsideDown UIInterfaceOrientationLandscapeLeft UIInterfaceOrientationLandscapeRight";
				INFOPLIST_KEY_UISupportedInterfaceOrientations_iPhone = "UIInterfaceOrientationPortrait UIInterfaceOrientationLandscapeLeft UIInterfaceOrientationLandscapeRight";
				IPHONEOS_DEPLOYMENT_TARGET = 15.3;
				LD_RUNPATH_SEARCH_PATHS = (
					"$(inherited)",
					"@executable_path/Frameworks",
				);
				MARKETING_VERSION = 1.0;
				PRODUCT_BUNDLE_IDENTIFIER = customGallery.CustomGalleryPicker;
				PRODUCT_NAME = "$(TARGET_NAME)";
				SWIFT_EMIT_LOC_STRINGS = YES;
				SWIFT_VERSION = 5.0;
				TARGETED_DEVICE_FAMILY = "1,2";
			};
			name = Release;
		};
		A072902F29F125A60075A981 /* Debug */ = {
			isa = XCBuildConfiguration;
			buildSettings = {
				ALWAYS_EMBED_SWIFT_STANDARD_LIBRARIES = YES;
				BUNDLE_LOADER = "$(TEST_HOST)";
				CODE_SIGN_STYLE = Automatic;
				CURRENT_PROJECT_VERSION = 1;
				DEVELOPMENT_TEAM = 6RRUPQTV3Q;
				GENERATE_INFOPLIST_FILE = YES;
				IPHONEOS_DEPLOYMENT_TARGET = 16.2;
				MARKETING_VERSION = 1.0;
				PRODUCT_BUNDLE_IDENTIFIER = customGallery.CustomGalleryPickerTests;
				PRODUCT_NAME = "$(TARGET_NAME)";
				SWIFT_EMIT_LOC_STRINGS = NO;
				SWIFT_VERSION = 5.0;
				TARGETED_DEVICE_FAMILY = "1,2";
				TEST_HOST = "$(BUILT_PRODUCTS_DIR)/CustomGalleryPicker.app/$(BUNDLE_EXECUTABLE_FOLDER_PATH)/CustomGalleryPicker";
			};
			name = Debug;
		};
		A072903029F125A60075A981 /* Release */ = {
			isa = XCBuildConfiguration;
			buildSettings = {
				ALWAYS_EMBED_SWIFT_STANDARD_LIBRARIES = YES;
				BUNDLE_LOADER = "$(TEST_HOST)";
				CODE_SIGN_STYLE = Automatic;
				CURRENT_PROJECT_VERSION = 1;
				DEVELOPMENT_TEAM = 6RRUPQTV3Q;
				GENERATE_INFOPLIST_FILE = YES;
				IPHONEOS_DEPLOYMENT_TARGET = 16.2;
				MARKETING_VERSION = 1.0;
				PRODUCT_BUNDLE_IDENTIFIER = customGallery.CustomGalleryPickerTests;
				PRODUCT_NAME = "$(TARGET_NAME)";
				SWIFT_EMIT_LOC_STRINGS = NO;
				SWIFT_VERSION = 5.0;
				TARGETED_DEVICE_FAMILY = "1,2";
				TEST_HOST = "$(BUILT_PRODUCTS_DIR)/CustomGalleryPicker.app/$(BUNDLE_EXECUTABLE_FOLDER_PATH)/CustomGalleryPicker";
			};
			name = Release;
		};
		A072903229F125A60075A981 /* Debug */ = {
			isa = XCBuildConfiguration;
			buildSettings = {
				ALWAYS_EMBED_SWIFT_STANDARD_LIBRARIES = YES;
				CODE_SIGN_STYLE = Automatic;
				CURRENT_PROJECT_VERSION = 1;
				DEVELOPMENT_TEAM = 6RRUPQTV3Q;
				GENERATE_INFOPLIST_FILE = YES;
				MARKETING_VERSION = 1.0;
				PRODUCT_BUNDLE_IDENTIFIER = customGallery.CustomGalleryPickerUITests;
				PRODUCT_NAME = "$(TARGET_NAME)";
				SWIFT_EMIT_LOC_STRINGS = NO;
				SWIFT_VERSION = 5.0;
				TARGETED_DEVICE_FAMILY = "1,2";
				TEST_TARGET_NAME = CustomGalleryPicker;
			};
			name = Debug;
		};
		A072903329F125A60075A981 /* Release */ = {
			isa = XCBuildConfiguration;
			buildSettings = {
				ALWAYS_EMBED_SWIFT_STANDARD_LIBRARIES = YES;
				CODE_SIGN_STYLE = Automatic;
				CURRENT_PROJECT_VERSION = 1;
				DEVELOPMENT_TEAM = 6RRUPQTV3Q;
				GENERATE_INFOPLIST_FILE = YES;
				MARKETING_VERSION = 1.0;
				PRODUCT_BUNDLE_IDENTIFIER = customGallery.CustomGalleryPickerUITests;
				PRODUCT_NAME = "$(TARGET_NAME)";
				SWIFT_EMIT_LOC_STRINGS = NO;
				SWIFT_VERSION = 5.0;
				TARGETED_DEVICE_FAMILY = "1,2";
				TEST_TARGET_NAME = CustomGalleryPicker;
			};
			name = Release;
		};
/* End XCBuildConfiguration section */

/* Begin XCConfigurationList section */
		A0728FFC29F125A50075A981 /* Build configuration list for PBXProject "CustomGalleryPicker" */ = {
			isa = XCConfigurationList;
			buildConfigurations = (
				A072902929F125A60075A981 /* Debug */,
				A072902A29F125A60075A981 /* Release */,
			);
			defaultConfigurationIsVisible = 0;
			defaultConfigurationName = Release;
		};
		A072902B29F125A60075A981 /* Build configuration list for PBXNativeTarget "CustomGalleryPicker" */ = {
			isa = XCConfigurationList;
			buildConfigurations = (
				A072902C29F125A60075A981 /* Debug */,
				A072902D29F125A60075A981 /* Release */,
			);
			defaultConfigurationIsVisible = 0;
			defaultConfigurationName = Release;
		};
		A072902E29F125A60075A981 /* Build configuration list for PBXNativeTarget "CustomGalleryPickerTests" */ = {
			isa = XCConfigurationList;
			buildConfigurations = (
				A072902F29F125A60075A981 /* Debug */,
				A072903029F125A60075A981 /* Release */,
			);
			defaultConfigurationIsVisible = 0;
			defaultConfigurationName = Release;
		};
		A072903129F125A60075A981 /* Build configuration list for PBXNativeTarget "CustomGalleryPickerUITests" */ = {
			isa = XCConfigurationList;
			buildConfigurations = (
				A072903229F125A60075A981 /* Debug */,
				A072903329F125A60075A981 /* Release */,
			);
			defaultConfigurationIsVisible = 0;
			defaultConfigurationName = Release;
		};
/* End XCConfigurationList section */
	};
	rootObject = A0728FF929F125A50075A981 /* Project object */;
}
